
Microsoft Visual Studio Solution File, Format Version 12.00
# Visual Studio Version 16
VisualStudioVersion = 16.0.29709.97
MinimumVisualStudioVersion = 10.0.40219.1
Project("{FAE04EC0-301F-11D3-BF4B-00C04F79EFBC}") = "Docker", "Docker\Docker.csproj", "{2FCDF985-9E59-4436-B6C7-2D0F86558546}"
EndProject
Global
	GlobalSection(SolutionConfigurationPlatforms) = preSolution
		Debug|Any CPU = Debug|Any CPU
		Release|Any CPU = Release|Any CPU
	EndGlobalSection
	GlobalSection(ProjectConfigurationPlatforms) = postSolution
		{2FCDF985-9E59-4436-B6C7-2D0F86558546}.Debug|Any CPU.ActiveCfg = Debug|Any CPU
		{2FCDF985-9E59-4436-B6C7-2D0F86558546}.Debug|Any CPU.Build.0 = Debug|Any CPU
		{2FCDF985-9E59-4436-B6C7-2D0F86558546}.Release|Any CPU.ActiveCfg = Release|Any CPU
		{2FCDF985-9E59-4436-B6C7-2D0F86558546}.Release|Any CPU.Build.0 = Release|Any CPU
	EndGlobalSection
	GlobalSection(SolutionProperties) = preSolution
		HideSolutionNode = FALSE
	EndGlobalSection
	GlobalSection(ExtensibilityGlobals) = postSolution
		SolutionGuid = {7A9B698A-3EA6-4E1C-9C2B-BEEB3DB43124}
	EndGlobalSection
EndGlobal
